
Microsoft Visual Studio Solution File, Format Version 12.00
# Visual Studio Version 17
VisualStudioVersion = 17.14.36327.8 d17.14
MinimumVisualStudioVersion = 10.0.40219.1
Project("{FAE04EC0-301F-11D3-BF4B-00C04F79EFBC}") = "1. Reverse a String", "1. Reverse a String\1. Reverse a String.csproj", "{2A023C8F-2B66-40A6-BD84-E69AA05646C2}"
EndProject
Project("{FAE04EC0-301F-11D3-BF4B-00C04F79EFBC}") = "2. Stack Sum", "2. Stack Sum\2. Stack Sum.csproj", "{53D4DB6B-1BC7-4708-B053-8C4966B81CEA}"
EndProject
Project("{FAE04EC0-301F-11D3-BF4B-00C04F79EFBC}") = "3. Simple Calculator", "3. Simple Calculator\3. Simple Calculator.csproj", "{44112459-D278-432D-B70F-4E62E8E52AB0}"
EndProject
Project("{FAE04EC0-301F-11D3-BF4B-00C04F79EFBC}") = "4. Matching Brackets", "4. Matching Brackets\4. Matching Brackets.csproj", "{625ECCC4-7406-4DCC-9A35-EB5CB688FE3C}"
EndProject
Project("{FAE04EC0-301F-11D3-BF4B-00C04F79EFBC}") = "5. Print Even Numbers", "5. Print Even Numbers\5. Print Even Numbers.csproj", "{62F05517-12F4-4052-A206-B1D0148F7989}"
EndProject
Project("{FAE04EC0-301F-11D3-BF4B-00C04F79EFBC}") = "6. Supermarket", "6. Supermarket\6. Supermarket.csproj", "{1502403A-5BDF-4A94-ABC6-F9CA4B8078EF}"
EndProject
Project("{FAE04EC0-301F-11D3-BF4B-00C04F79EFBC}") = "7. Hot Potato", "7. Hot Potato\7. Hot Potato.csproj", "{AE1C8547-6DF0-4C92-916C-E2C0C59E357E}"
EndProject
Project("{FAE04EC0-301F-11D3-BF4B-00C04F79EFBC}") = "8. Traffic Jam", "8. Traffic Jam\8. Traffic Jam.csproj", "{DC24A991-463D-4EFD-A4FC-3A10913FB805}"
EndProject
Global
	GlobalSection(SolutionConfigurationPlatforms) = preSolution
		Debug|Any CPU = Debug|Any CPU
		Release|Any CPU = Release|Any CPU
	EndGlobalSection
	GlobalSection(ProjectConfigurationPlatforms) = postSolution
		{2A023C8F-2B66-40A6-BD84-E69AA05646C2}.Debug|Any CPU.ActiveCfg = Debug|Any CPU
		{2A023C8F-2B66-40A6-BD84-E69AA05646C2}.Debug|Any CPU.Build.0 = Debug|Any CPU
		{2A023C8F-2B66-40A6-BD84-E69AA05646C2}.Release|Any CPU.ActiveCfg = Release|Any CPU
		{2A023C8F-2B66-40A6-BD84-E69AA05646C2}.Release|Any CPU.Build.0 = Release|Any CPU
		{53D4DB6B-1BC7-4708-B053-8C4966B81CEA}.Debug|Any CPU.ActiveCfg = Debug|Any CPU
		{53D4DB6B-1BC7-4708-B053-8C4966B81CEA}.Debug|Any CPU.Build.0 = Debug|Any CPU
		{53D4DB6B-1BC7-4708-B053-8C4966B81CEA}.Release|Any CPU.ActiveCfg = Release|Any CPU
		{53D4DB6B-1BC7-4708-B053-8C4966B81CEA}.Release|Any CPU.Build.0 = Release|Any CPU
		{44112459-D278-432D-B70F-4E62E8E52AB0}.Debug|Any CPU.ActiveCfg = Debug|Any CPU
		{44112459-D278-432D-B70F-4E62E8E52AB0}.Debug|Any CPU.Build.0 = Debug|Any CPU
		{44112459-D278-432D-B70F-4E62E8E52AB0}.Release|Any CPU.ActiveCfg = Release|Any CPU
		{44112459-D278-432D-B70F-4E62E8E52AB0}.Release|Any CPU.Build.0 = Release|Any CPU
		{625ECCC4-7406-4DCC-9A35-EB5CB688FE3C}.Debug|Any CPU.ActiveCfg = Debug|Any CPU
		{625ECCC4-7406-4DCC-9A35-EB5CB688FE3C}.Debug|Any CPU.Build.0 = Debug|Any CPU
		{625ECCC4-7406-4DCC-9A35-EB5CB688FE3C}.Release|Any CPU.ActiveCfg = Release|Any CPU
		{625ECCC4-7406-4DCC-9A35-EB5CB688FE3C}.Release|Any CPU.Build.0 = Release|Any CPU
		{62F05517-12F4-4052-A206-B1D0148F7989}.Debug|Any CPU.ActiveCfg = Debug|Any CPU
		{62F05517-12F4-4052-A206-B1D0148F7989}.Debug|Any CPU.Build.0 = Debug|Any CPU
		{62F05517-12F4-4052-A206-B1D0148F7989}.Release|Any CPU.ActiveCfg = Release|Any CPU
		{62F05517-12F4-4052-A206-B1D0148F7989}.Release|Any CPU.Build.0 = Release|Any CPU
		{1502403A-5BDF-4A94-ABC6-F9CA4B8078EF}.Debug|Any CPU.ActiveCfg = Debug|Any CPU
		{1502403A-5BDF-4A94-ABC6-F9CA4B8078EF}.Debug|Any CPU.Build.0 = Debug|Any CPU
		{1502403A-5BDF-4A94-ABC6-F9CA4B8078EF}.Release|Any CPU.ActiveCfg = Release|Any CPU
		{1502403A-5BDF-4A94-ABC6-F9CA4B8078EF}.Release|Any CPU.Build.0 = Release|Any CPU
		{AE1C8547-6DF0-4C92-916C-E2C0C59E357E}.Debug|Any CPU.ActiveCfg = Debug|Any CPU
		{AE1C8547-6DF0-4C92-916C-E2C0C59E357E}.Debug|Any CPU.Build.0 = Debug|Any CPU
		{AE1C8547-6DF0-4C92-916C-E2C0C59E357E}.Release|Any CPU.ActiveCfg = Release|Any CPU
		{AE1C8547-6DF0-4C92-916C-E2C0C59E357E}.Release|Any CPU.Build.0 = Release|Any CPU
		{DC24A991-463D-4EFD-A4FC-3A10913FB805}.Debug|Any CPU.ActiveCfg = Debug|Any CPU
		{DC24A991-463D-4EFD-A4FC-3A10913FB805}.Debug|Any CPU.Build.0 = Debug|Any CPU
		{DC24A991-463D-4EFD-A4FC-3A10913FB805}.Release|Any CPU.ActiveCfg = Release|Any CPU
		{DC24A991-463D-4EFD-A4FC-3A10913FB805}.Release|Any CPU.Build.0 = Release|Any CPU
	EndGlobalSection
	GlobalSection(SolutionProperties) = preSolution
		HideSolutionNode = FALSE
	EndGlobalSection
	GlobalSection(ExtensibilityGlobals) = postSolution
		SolutionGuid = {7CF08033-F88D-4959-8E00-433E468061C7}
	EndGlobalSection
EndGlobal
